<?xml version="1.0" encoding="utf-8"?>
<Project ToolsVersion="4.0" xmlns="http://schemas.microsoft.com/developer/msbuild/2003">
  <ItemGroup>
    <Filter Include="Header Files">
      <UniqueIdentifier>{93995380-89BD-4b04-88EB-625FBE52EBFB}</UniqueIdentifier>
      <Extensions>h;hh;hpp;hxx;hm;inl;inc;ipp;xsd</Extensions>
    </Filter>
    <Filter Include="Class">
      <UniqueIdentifier>{cefb3664-3b06-4994-94ae-c361a4bde8fa}</UniqueIdentifier>
    </Filter>
    <Filter Include="Class\MatMetods">
      <UniqueIdentifier>{8e78d30e-8959-4bf5-bbe6-407bd64ae592}</UniqueIdentifier>
    </Filter>
    <Filter Include="Class\NeuroLearn">
      <UniqueIdentifier>{88e0e4ac-c86c-4486-9e09-0b5be7c87041}</UniqueIdentifier>
    </Filter>
    <Filter Include="Class\GL">
      <UniqueIdentifier>{6c8f3066-b8d2-4369-a003-17493800e240}</UniqueIdentifier>
    </Filter>
    <Filter Include="Class\Other">
      <UniqueIdentifier>{773435bc-a2e6-41a3-a650-7e3a6d50b475}</UniqueIdentifier>
    </Filter>
    <Filter Include="Class\CONST">
      <UniqueIdentifier>{a0f4fa3b-402d-483b-add6-4ef76fd427e2}</UniqueIdentifier>
    </Filter>
  </ItemGroup>
  <ItemGroup>
    <ClCompile Include="MyForm.cpp">
      <Filter>Header Files</Filter>
    </ClCompile>
    <ClCompile Include="stdafx.h">
      <Filter>Header Files</Filter>
    </ClCompile>
  </ItemGroup>
  <ItemGroup>
    <ClInclude Include="MyForm.h">
      <Filter>Header Files</Filter>
    </ClInclude>
    <ClInclude Include="main.h">
      <Filter>Class</Filter>
    </ClInclude>
    <ClInclude Include="Metod1.h">
      <Filter>Class\MatMetods</Filter>
    </ClInclude>
    <ClInclude Include="Metod.h">
      <Filter>Class\MatMetods</Filter>
    </ClInclude>
    <ClInclude Include="Metod2.h">
      <Filter>Class\MatMetods</Filter>
    </ClInclude>
    <ClInclude Include="CGL.h">
      <Filter>Class\GL</Filter>
    </ClInclude>
    <ClInclude Include="CVal.h">
      <Filter>Class\Other</Filter>
    </ClInclude>
    <ClInclude Include="ClassEntryVal.h">
      <Filter>Class\Other</Filter>
    </ClInclude>
    <ClInclude Include="CMasVal.h">
      <Filter>Class\Other</Filter>
    </ClInclude>
    <ClInclude Include="CNeuroAnswer.h">
      <Filter>Class\Other</Filter>
    </ClInclude>
    <ClInclude Include="CNeuroLearn.h">
      <Filter>Class\NeuroLearn</Filter>
    </ClInclude>
    <ClInclude Include="CONST.h">
      <Filter>Class\CONST</Filter>
    </ClInclude>
    <ClInclude Include="NeuroCreate.h">
      <Filter>Class\NeuroLearn</Filter>
    </ClInclude>
    <ClInclude Include="Metod2_neuro.h">
      <Filter>Class\MatMetods</Filter>
    </ClInclude>
    <ClInclude Include="NeuroGetSet.h">
      <Filter>Class\NeuroLearn</Filter>
    </ClInclude>
  </ItemGroup>
</Project>